
Microsoft Visual Studio Solution File, Format Version 12.00
# Visual Studio 15
VisualStudioVersion = 15.0.27130.2027
MinimumVisualStudioVersion = 10.0.40219.1
Project("{9A19103F-16F7-4668-BE54-9A1E7A4F7556}") = "MvcMovie", "MvcMovie\MvcMovie.csproj", "{5777A331-0A43-4892-B52F-A724FB62CA6A}"
EndProject
Global
	GlobalSection(SolutionConfigurationPlatforms) = preSolution
		Debug|Any CPU = Debug|Any CPU
		Release|Any CPU = Release|Any CPU
	EndGlobalSection
	GlobalSection(ProjectConfigurationPlatforms) = postSolution
		{5777A331-0A43-4892-B52F-A724FB62CA6A}.Debug|Any CPU.ActiveCfg = Debug|Any CPU
		{5777A331-0A43-4892-B52F-A724FB62CA6A}.Debug|Any CPU.Build.0 = Debug|Any CPU
		{5777A331-0A43-4892-B52F-A724FB62CA6A}.Release|Any CPU.ActiveCfg = Release|Any CPU
		{5777A331-0A43-4892-B52F-A724FB62CA6A}.Release|Any CPU.Build.0 = Release|Any CPU
	EndGlobalSection
	GlobalSection(SolutionProperties) = preSolution
		HideSolutionNode = FALSE
	EndGlobalSection
	GlobalSection(ExtensibilityGlobals) = postSolution
		SolutionGuid = {F7560265-8891-4382-8351-3535E26212E8}
	EndGlobalSection
EndGlobal
